
Microsoft Visual Studio Solution File, Format Version 12.00
# Visual Studio Version 16
VisualStudioVersion = 16.0.30523.141
MinimumVisualStudioVersion = 10.0.40219.1
Project("{FAE04EC0-301F-11D3-BF4B-00C04F79EFBC}") = "Questions", "Questions\Questions.csproj", "{B8D82E73-7300-4FC6-94C3-00DEBDE53E65}"
EndProject
Global
	GlobalSection(SolutionConfigurationPlatforms) = preSolution
		Debug|Any CPU = Debug|Any CPU
		Release|Any CPU = Release|Any CPU
	EndGlobalSection
	GlobalSection(ProjectConfigurationPlatforms) = postSolution
		{B8D82E73-7300-4FC6-94C3-00DEBDE53E65}.Debug|Any CPU.ActiveCfg = Debug|Any CPU
		{B8D82E73-7300-4FC6-94C3-00DEBDE53E65}.Debug|Any CPU.Build.0 = Debug|Any CPU
		{B8D82E73-7300-4FC6-94C3-00DEBDE53E65}.Release|Any CPU.ActiveCfg = Release|Any CPU
		{B8D82E73-7300-4FC6-94C3-00DEBDE53E65}.Release|Any CPU.Build.0 = Release|Any CPU
	EndGlobalSection
	GlobalSection(SolutionProperties) = preSolution
		HideSolutionNode = FALSE
	EndGlobalSection
	GlobalSection(ExtensibilityGlobals) = postSolution
		SolutionGuid = {34056EB7-9147-4A49-9D54-E28646FAFBB2}
	EndGlobalSection
EndGlobal
